github.com/lib/pq v1.8.0 h1:9xohqzkUwzR4Ga4ivdTcawVS89YSDVxXMa3xJX3cGzg=
github.com/lib/pq v1.8.0/go.mod h1:AlVN5x4E4T544tWzH6hKfbfQvm3HdbOxrmggDNAPY9o=
golang.org/x/sys v0.0.0-20200808120158-1030fc2bf1d9 h1:yi1hN8dcqI9l8klZfy4B8mJvFmmAxJEePIQQFNSd7Cs=
golang.org/x/sys v0.0.0-20200808120158-1030fc2bf1d9/go.mod h1:h1NjWce9XRLGQEsW7wpKNCjG9DtNlClVuFLEZdDNbEs=
